
Microsoft Visual Studio Solution File, Format Version 12.00
# Visual Studio Version 17
VisualStudioVersion = 17.0.31903.59
MinimumVisualStudioVersion = 10.0.40219.1
Project("{2150E333-8FDC-42A3-9474-1A3956D46DE8}") = "native", "native", "{2F2BA0B1-8447-348E-8DA4-622F0257D38B}"
EndProject
Project("{FAE04EC0-301F-11D3-BF4B-00C04F79EFBC}") = "VideoWallPlayer.Native", "native\VideoWallPlayer.Native\VideoWallPlayer.Native.csproj", "{CD36B68B-8CDF-4E0E-9ED3-5206732363F0}"
EndProject
Project("{2150E333-8FDC-42A3-9474-1A3956D46DE8}") = "installer", "installer", "{1860D2E4-5C43-71D5-59A5-599A4DE1DF67}"
EndProject
Project("{FAE04EC0-301F-11D3-BF4B-00C04F79EFBC}") = "VideoWallPlayer.Setup", "installer\VideoWallPlayer.Setup\VideoWallPlayer.Setup.csproj", "{36CFC5CE-0551-4695-9D11-0D8585501C73}"
EndProject
Global
	GlobalSection(SolutionConfigurationPlatforms) = preSolution
		Debug|Any CPU = Debug|Any CPU
		Debug|x64 = Debug|x64
		Debug|x86 = Debug|x86
		Release|Any CPU = Release|Any CPU
		Release|x64 = Release|x64
		Release|x86 = Release|x86
	EndGlobalSection
	GlobalSection(ProjectConfigurationPlatforms) = postSolution
		{CD36B68B-8CDF-4E0E-9ED3-5206732363F0}.Debug|Any CPU.ActiveCfg = Debug|Any CPU
		{CD36B68B-8CDF-4E0E-9ED3-5206732363F0}.Debug|Any CPU.Build.0 = Debug|Any CPU
		{CD36B68B-8CDF-4E0E-9ED3-5206732363F0}.Debug|x64.ActiveCfg = Debug|Any CPU
		{CD36B68B-8CDF-4E0E-9ED3-5206732363F0}.Debug|x64.Build.0 = Debug|Any CPU
		{CD36B68B-8CDF-4E0E-9ED3-5206732363F0}.Debug|x86.ActiveCfg = Debug|Any CPU
		{CD36B68B-8CDF-4E0E-9ED3-5206732363F0}.Debug|x86.Build.0 = Debug|Any CPU
		{CD36B68B-8CDF-4E0E-9ED3-5206732363F0}.Release|Any CPU.ActiveCfg = Release|Any CPU
		{CD36B68B-8CDF-4E0E-9ED3-5206732363F0}.Release|Any CPU.Build.0 = Release|Any CPU
		{CD36B68B-8CDF-4E0E-9ED3-5206732363F0}.Release|x64.ActiveCfg = Release|Any CPU
		{CD36B68B-8CDF-4E0E-9ED3-5206732363F0}.Release|x64.Build.0 = Release|Any CPU
		{CD36B68B-8CDF-4E0E-9ED3-5206732363F0}.Release|x86.ActiveCfg = Release|Any CPU
		{CD36B68B-8CDF-4E0E-9ED3-5206732363F0}.Release|x86.Build.0 = Release|Any CPU
		{36CFC5CE-0551-4695-9D11-0D8585501C73}.Debug|Any CPU.ActiveCfg = Debug|Any CPU
		{36CFC5CE-0551-4695-9D11-0D8585501C73}.Debug|Any CPU.Build.0 = Debug|Any CPU
		{36CFC5CE-0551-4695-9D11-0D8585501C73}.Debug|x64.ActiveCfg = Debug|Any CPU
		{36CFC5CE-0551-4695-9D11-0D8585501C73}.Debug|x64.Build.0 = Debug|Any CPU
		{36CFC5CE-0551-4695-9D11-0D8585501C73}.Debug|x86.ActiveCfg = Debug|Any CPU
		{36CFC5CE-0551-4695-9D11-0D8585501C73}.Debug|x86.Build.0 = Debug|Any CPU
		{36CFC5CE-0551-4695-9D11-0D8585501C73}.Release|Any CPU.ActiveCfg = Release|Any CPU
		{36CFC5CE-0551-4695-9D11-0D8585501C73}.Release|Any CPU.Build.0 = Release|Any CPU
		{36CFC5CE-0551-4695-9D11-0D8585501C73}.Release|x64.ActiveCfg = Release|Any CPU
		{36CFC5CE-0551-4695-9D11-0D8585501C73}.Release|x64.Build.0 = Release|Any CPU
		{36CFC5CE-0551-4695-9D11-0D8585501C73}.Release|x86.ActiveCfg = Release|Any CPU
		{36CFC5CE-0551-4695-9D11-0D8585501C73}.Release|x86.Build.0 = Release|Any CPU
	EndGlobalSection
	GlobalSection(SolutionProperties) = preSolution
		HideSolutionNode = FALSE
	EndGlobalSection
	GlobalSection(NestedProjects) = preSolution
		{CD36B68B-8CDF-4E0E-9ED3-5206732363F0} = {2F2BA0B1-8447-348E-8DA4-622F0257D38B}
		{36CFC5CE-0551-4695-9D11-0D8585501C73} = {1860D2E4-5C43-71D5-59A5-599A4DE1DF67}
	EndGlobalSection
EndGlobal
